{
  "version": 4,
  "terraform_version": "0.12.9",
  "serial": 6,
  "lineage": "28132524-8212-810a-658b-56b0dbbdc970",
  "outputs": {},
  "resources": [
    {
      "mode": "data",
      "type": "external",
      "name": "google_cloud_run_service",
      "provider": "provider.external",
      "instances": []
    },
    {
      "mode": "managed",
      "type": "google_cloud_scheduler_job",
      "name": "job",
      "provider": "provider.google",
      "instances": []
    },
    {
      "mode": "managed",
      "type": "google_cloudbuild_trigger",
      "name": "default",
      "provider": "provider.google",
      "instances": [
        {
          "schema_version": 1,
          "attributes": {
            "build": [
              {
                "images": [
                  "gcr.io/find-new-rent/find-new-rent-service-2:latest"
                ],
                "step": [
                  {
                    "args": [
                      "build",
                      "-t",
                      "gcr.io/find-new-rent/find-new-rent-service-2:latest",
                      "."
                    ],
                    "dir": "",
                    "entrypoint": "",
                    "env": [],
                    "id": "",
                    "name": "gcr.io/cloud-builders/docker",
                    "secret_env": [],
                    "timeout": "",
                    "timing": "",
                    "volumes": [],
                    "wait_for": []
                  },
                  {
                    "args": [
                      "push",
                      "gcr.io/find-new-rent/find-new-rent-service-2:latest"
                    ],
                    "dir": "",
                    "entrypoint": "",
                    "env": [],
                    "id": "",
                    "name": "gcr.io/cloud-builders/docker",
                    "secret_env": [],
                    "timeout": "",
                    "timing": "",
                    "volumes": [],
                    "wait_for": []
                  },
                  {
                    "args": [
                      "beta",
                      "run",
                      "deploy",
                      "find-new-rent-service-2",
                      "--region",
                      "us-east1",
                      "--image",
                      "gcr.io/find-new-rent/find-new-rent-service-2:latest",
                      "--update-env-vars",
                      "GCLOUD_BUCKET=${_BUCKET}",
                      "--memory",
                      "1Gi",
                      "--timeout",
                      "10m",
                      "--platform",
                      "managed",
                      "--allow-unauthenticated"
                    ],
                    "dir": "",
                    "entrypoint": "",
                    "env": [],
                    "id": "",
                    "name": "gcr.io/cloud-builders/gcloud",
                    "secret_env": [],
                    "timeout": "",
                    "timing": "",
                    "volumes": [],
                    "wait_for": []
                  }
                ],
                "tags": []
              }
            ],
            "create_time": "2019-10-30T02:50:04.611190168Z",
            "description": "",
            "disabled": false,
            "filename": "",
            "id": "find-new-rent/981321e4-e1d7-4e6b-8da5-c684813e31a0",
            "ignored_files": [],
            "included_files": [],
            "project": "find-new-rent",
            "substitutions": {
              "_BUCKET": "finder-imob-registry"
            },
            "timeouts": null,
            "trigger_id": "981321e4-e1d7-4e6b-8da5-c684813e31a0",
            "trigger_template": [
              {
                "branch_name": "master",
                "commit_sha": "",
                "dir": "",
                "project_id": "find-new-rent",
                "repo_name": "github_bardobravo_real-estate-finder",
                "tag_name": ""
              }
            ]
          },
          "private": "eyJlMmJmYjczMC1lY2FhLTExZTYtOGY4OC0zNDM2M2JjN2M0YzAiOnsiY3JlYXRlIjoyNDAwMDAwMDAwMDAsImRlbGV0ZSI6MjQwMDAwMDAwMDAwLCJ1cGRhdGUiOjI0MDAwMDAwMDAwMH0sInNjaGVtYV92ZXJzaW9uIjoiMSJ9"
        }
      ]
    },
    {
      "mode": "managed",
      "type": "google_storage_bucket",
      "name": "items",
      "provider": "provider.google",
      "instances": [
        {
          "schema_version": 0,
          "attributes": {
            "bucket_policy_only": false,
            "cors": [],
            "encryption": [],
            "force_destroy": false,
            "id": "finder-imob-registry",
            "labels": {},
            "lifecycle_rule": [],
            "location": "US",
            "logging": [],
            "name": "finder-imob-registry",
            "predefined_acl": null,
            "project": "find-new-rent",
            "requester_pays": false,
            "retention_policy": [],
            "self_link": "https://www.googleapis.com/storage/v1/b/finder-imob-registry",
            "storage_class": "STANDARD",
            "url": "gs://finder-imob-registry",
            "versioning": [],
            "website": []
          },
          "private": "bnVsbA=="
        }
      ]
    }
  ]
}
